
Microsoft Visual Studio Solution File, Format Version 12.00
# Visual Studio Version 17
VisualStudioVersion = 17.5.002.0
MinimumVisualStudioVersion = 10.0.40219.1
Project("{2150E333-8FDC-42A3-9474-1A3956D46DE8}") = "C#", "C#", "{E1F8A249-B4E3-4501-BD6E-21B93B9FDFCA}"
EndProject
Project("{9A19103F-16F7-4668-BE54-9A1E7A4F7556}") = "cinema", "C#\cinema\cinema.csproj", "{95B49E6C-818F-4E5F-B2CD-7A21481B845E}"
EndProject
Project("{9A19103F-16F7-4668-BE54-9A1E7A4F7556}") = "circulo", "C#\circulo\circulo.csproj", "{CA577771-49DA-45FF-9EC5-15F850B73D31}"
EndProject
Project("{9A19103F-16F7-4668-BE54-9A1E7A4F7556}") = "conta", "C#\conta\conta.csproj", "{3B41799C-3956-4EB0-AE89-0642ED659134}"
EndProject
Project("{9A19103F-16F7-4668-BE54-9A1E7A4F7556}") = "coordenadas", "C#\coordenadas\coordenadas.csproj", "{E5ED9F3D-2BEA-40C8-B0DF-7D86243107CC}"
EndProject
Project("{9A19103F-16F7-4668-BE54-9A1E7A4F7556}") = "corrigida", "C#\corrigida\corrigida.csproj", "{C6FA9DEE-272A-470B-B9EC-A30D580D02BA}"
EndProject
Project("{9A19103F-16F7-4668-BE54-9A1E7A4F7556}") = "data", "C#\data\data.csproj", "{27D5C66F-3033-4D8A-AEAE-CE952F4BE981}"
EndProject
Project("{9A19103F-16F7-4668-BE54-9A1E7A4F7556}") = "disciplina", "C#\disciplina\disciplina.csproj", "{D712F1B7-4F27-464E-B317-3B52305528BE}"
EndProject
Project("{9A19103F-16F7-4668-BE54-9A1E7A4F7556}") = "ipessoas", "C#\ipessoas\ipessoas.csproj", "{FDC0D384-1E0D-41D7-B370-70EAE257B345}"
EndProject
Project("{9A19103F-16F7-4668-BE54-9A1E7A4F7556}") = "ll", "C#\ll\ll.csproj", "{08BF99A8-3DBB-426D-98AA-8A3CD08D064D}"
EndProject
Project("{9A19103F-16F7-4668-BE54-9A1E7A4F7556}") = "ola", "C#\ola\ola.csproj", "{E55ABC4B-565C-4B5A-AEDC-1AE759FC89B5}"
EndProject
Project("{9A19103F-16F7-4668-BE54-9A1E7A4F7556}") = "playlist", "C#\playlist\playlist.csproj", "{D3DF9652-F70E-47C8-B87E-F889209D73A8}"
EndProject
Project("{9A19103F-16F7-4668-BE54-9A1E7A4F7556}") = "shop", "C#\shop\shop.csproj", "{23B4AE68-6DF8-4118-9324-4A3498EDE9A3}"
EndProject
Project("{9A19103F-16F7-4668-BE54-9A1E7A4F7556}") = "veiculos", "C#\veiculos\veiculos.csproj", "{4EAFE01F-4D28-4B59-824E-D5B286DD7AA3}"
EndProject
Global
	GlobalSection(SolutionConfigurationPlatforms) = preSolution
		Debug|Any CPU = Debug|Any CPU
		Release|Any CPU = Release|Any CPU
	EndGlobalSection
	GlobalSection(ProjectConfigurationPlatforms) = postSolution
		{95B49E6C-818F-4E5F-B2CD-7A21481B845E}.Debug|Any CPU.ActiveCfg = Debug|Any CPU
		{95B49E6C-818F-4E5F-B2CD-7A21481B845E}.Debug|Any CPU.Build.0 = Debug|Any CPU
		{95B49E6C-818F-4E5F-B2CD-7A21481B845E}.Release|Any CPU.ActiveCfg = Release|Any CPU
		{95B49E6C-818F-4E5F-B2CD-7A21481B845E}.Release|Any CPU.Build.0 = Release|Any CPU
		{CA577771-49DA-45FF-9EC5-15F850B73D31}.Debug|Any CPU.ActiveCfg = Debug|Any CPU
		{CA577771-49DA-45FF-9EC5-15F850B73D31}.Debug|Any CPU.Build.0 = Debug|Any CPU
		{CA577771-49DA-45FF-9EC5-15F850B73D31}.Release|Any CPU.ActiveCfg = Release|Any CPU
		{CA577771-49DA-45FF-9EC5-15F850B73D31}.Release|Any CPU.Build.0 = Release|Any CPU
		{3B41799C-3956-4EB0-AE89-0642ED659134}.Debug|Any CPU.ActiveCfg = Debug|Any CPU
		{3B41799C-3956-4EB0-AE89-0642ED659134}.Debug|Any CPU.Build.0 = Debug|Any CPU
		{3B41799C-3956-4EB0-AE89-0642ED659134}.Release|Any CPU.ActiveCfg = Release|Any CPU
		{3B41799C-3956-4EB0-AE89-0642ED659134}.Release|Any CPU.Build.0 = Release|Any CPU
		{E5ED9F3D-2BEA-40C8-B0DF-7D86243107CC}.Debug|Any CPU.ActiveCfg = Debug|Any CPU
		{E5ED9F3D-2BEA-40C8-B0DF-7D86243107CC}.Debug|Any CPU.Build.0 = Debug|Any CPU
		{E5ED9F3D-2BEA-40C8-B0DF-7D86243107CC}.Release|Any CPU.ActiveCfg = Release|Any CPU
		{E5ED9F3D-2BEA-40C8-B0DF-7D86243107CC}.Release|Any CPU.Build.0 = Release|Any CPU
		{C6FA9DEE-272A-470B-B9EC-A30D580D02BA}.Debug|Any CPU.ActiveCfg = Debug|Any CPU
		{C6FA9DEE-272A-470B-B9EC-A30D580D02BA}.Debug|Any CPU.Build.0 = Debug|Any CPU
		{C6FA9DEE-272A-470B-B9EC-A30D580D02BA}.Release|Any CPU.ActiveCfg = Release|Any CPU
		{C6FA9DEE-272A-470B-B9EC-A30D580D02BA}.Release|Any CPU.Build.0 = Release|Any CPU
		{27D5C66F-3033-4D8A-AEAE-CE952F4BE981}.Debug|Any CPU.ActiveCfg = Debug|Any CPU
		{27D5C66F-3033-4D8A-AEAE-CE952F4BE981}.Debug|Any CPU.Build.0 = Debug|Any CPU
		{27D5C66F-3033-4D8A-AEAE-CE952F4BE981}.Release|Any CPU.ActiveCfg = Release|Any CPU
		{27D5C66F-3033-4D8A-AEAE-CE952F4BE981}.Release|Any CPU.Build.0 = Release|Any CPU
		{D712F1B7-4F27-464E-B317-3B52305528BE}.Debug|Any CPU.ActiveCfg = Debug|Any CPU
		{D712F1B7-4F27-464E-B317-3B52305528BE}.Debug|Any CPU.Build.0 = Debug|Any CPU
		{D712F1B7-4F27-464E-B317-3B52305528BE}.Release|Any CPU.ActiveCfg = Release|Any CPU
		{D712F1B7-4F27-464E-B317-3B52305528BE}.Release|Any CPU.Build.0 = Release|Any CPU
		{FDC0D384-1E0D-41D7-B370-70EAE257B345}.Debug|Any CPU.ActiveCfg = Debug|Any CPU
		{FDC0D384-1E0D-41D7-B370-70EAE257B345}.Debug|Any CPU.Build.0 = Debug|Any CPU
		{FDC0D384-1E0D-41D7-B370-70EAE257B345}.Release|Any CPU.ActiveCfg = Release|Any CPU
		{FDC0D384-1E0D-41D7-B370-70EAE257B345}.Release|Any CPU.Build.0 = Release|Any CPU
		{08BF99A8-3DBB-426D-98AA-8A3CD08D064D}.Debug|Any CPU.ActiveCfg = Debug|Any CPU
		{08BF99A8-3DBB-426D-98AA-8A3CD08D064D}.Debug|Any CPU.Build.0 = Debug|Any CPU
		{08BF99A8-3DBB-426D-98AA-8A3CD08D064D}.Release|Any CPU.ActiveCfg = Release|Any CPU
		{08BF99A8-3DBB-426D-98AA-8A3CD08D064D}.Release|Any CPU.Build.0 = Release|Any CPU
		{E55ABC4B-565C-4B5A-AEDC-1AE759FC89B5}.Debug|Any CPU.ActiveCfg = Debug|Any CPU
		{E55ABC4B-565C-4B5A-AEDC-1AE759FC89B5}.Debug|Any CPU.Build.0 = Debug|Any CPU
		{E55ABC4B-565C-4B5A-AEDC-1AE759FC89B5}.Release|Any CPU.ActiveCfg = Release|Any CPU
		{E55ABC4B-565C-4B5A-AEDC-1AE759FC89B5}.Release|Any CPU.Build.0 = Release|Any CPU
		{D3DF9652-F70E-47C8-B87E-F889209D73A8}.Debug|Any CPU.ActiveCfg = Debug|Any CPU
		{D3DF9652-F70E-47C8-B87E-F889209D73A8}.Debug|Any CPU.Build.0 = Debug|Any CPU
		{D3DF9652-F70E-47C8-B87E-F889209D73A8}.Release|Any CPU.ActiveCfg = Release|Any CPU
		{D3DF9652-F70E-47C8-B87E-F889209D73A8}.Release|Any CPU.Build.0 = Release|Any CPU
		{23B4AE68-6DF8-4118-9324-4A3498EDE9A3}.Debug|Any CPU.ActiveCfg = Debug|Any CPU
		{23B4AE68-6DF8-4118-9324-4A3498EDE9A3}.Debug|Any CPU.Build.0 = Debug|Any CPU
		{23B4AE68-6DF8-4118-9324-4A3498EDE9A3}.Release|Any CPU.ActiveCfg = Release|Any CPU
		{23B4AE68-6DF8-4118-9324-4A3498EDE9A3}.Release|Any CPU.Build.0 = Release|Any CPU
		{4EAFE01F-4D28-4B59-824E-D5B286DD7AA3}.Debug|Any CPU.ActiveCfg = Debug|Any CPU
		{4EAFE01F-4D28-4B59-824E-D5B286DD7AA3}.Debug|Any CPU.Build.0 = Debug|Any CPU
		{4EAFE01F-4D28-4B59-824E-D5B286DD7AA3}.Release|Any CPU.ActiveCfg = Release|Any CPU
		{4EAFE01F-4D28-4B59-824E-D5B286DD7AA3}.Release|Any CPU.Build.0 = Release|Any CPU
	EndGlobalSection
	GlobalSection(SolutionProperties) = preSolution
		HideSolutionNode = FALSE
	EndGlobalSection
	GlobalSection(NestedProjects) = preSolution
		{95B49E6C-818F-4E5F-B2CD-7A21481B845E} = {E1F8A249-B4E3-4501-BD6E-21B93B9FDFCA}
		{CA577771-49DA-45FF-9EC5-15F850B73D31} = {E1F8A249-B4E3-4501-BD6E-21B93B9FDFCA}
		{3B41799C-3956-4EB0-AE89-0642ED659134} = {E1F8A249-B4E3-4501-BD6E-21B93B9FDFCA}
		{E5ED9F3D-2BEA-40C8-B0DF-7D86243107CC} = {E1F8A249-B4E3-4501-BD6E-21B93B9FDFCA}
		{C6FA9DEE-272A-470B-B9EC-A30D580D02BA} = {E1F8A249-B4E3-4501-BD6E-21B93B9FDFCA}
		{27D5C66F-3033-4D8A-AEAE-CE952F4BE981} = {E1F8A249-B4E3-4501-BD6E-21B93B9FDFCA}
		{D712F1B7-4F27-464E-B317-3B52305528BE} = {E1F8A249-B4E3-4501-BD6E-21B93B9FDFCA}
		{FDC0D384-1E0D-41D7-B370-70EAE257B345} = {E1F8A249-B4E3-4501-BD6E-21B93B9FDFCA}
		{08BF99A8-3DBB-426D-98AA-8A3CD08D064D} = {E1F8A249-B4E3-4501-BD6E-21B93B9FDFCA}
		{E55ABC4B-565C-4B5A-AEDC-1AE759FC89B5} = {E1F8A249-B4E3-4501-BD6E-21B93B9FDFCA}
		{D3DF9652-F70E-47C8-B87E-F889209D73A8} = {E1F8A249-B4E3-4501-BD6E-21B93B9FDFCA}
		{23B4AE68-6DF8-4118-9324-4A3498EDE9A3} = {E1F8A249-B4E3-4501-BD6E-21B93B9FDFCA}
		{4EAFE01F-4D28-4B59-824E-D5B286DD7AA3} = {E1F8A249-B4E3-4501-BD6E-21B93B9FDFCA}
	EndGlobalSection
	GlobalSection(ExtensibilityGlobals) = postSolution
		SolutionGuid = {39DC53F9-7CF8-47F2-8FFA-E5B70206149E}
	EndGlobalSection
EndGlobal
